
Microsoft Visual Studio Solution File, Format Version 12.00
# Visual Studio Version 16
VisualStudioVersion = 16.0.30804.86
MinimumVisualStudioVersion = 10.0.40219.1
Project("{8BC9CEB8-8B4A-11D0-8D11-00A0C91BC942}") = "WordleProject", "WordleProject.vcxproj", "{96F5D863-6F52-4788-BEDE-CAAE124F48D8}"
EndProject
Project("{54435603-DBB4-11D2-8724-00A0C9A8B90C}") = "SetupWordle", "..\SetupWordle\SetupWordle.vdproj", "{00AF4572-774C-4308-BA3A-495C17EA71AD}"
EndProject
Global
	GlobalSection(SolutionConfigurationPlatforms) = preSolution
		Debug|x64 = Debug|x64
		Debug|x86 = Debug|x86
		Release|x64 = Release|x64
		Release|x86 = Release|x86
	EndGlobalSection
	GlobalSection(ProjectConfigurationPlatforms) = postSolution
		{96F5D863-6F52-4788-BEDE-CAAE124F48D8}.Debug|x64.ActiveCfg = Debug|x64
		{96F5D863-6F52-4788-BEDE-CAAE124F48D8}.Debug|x64.Build.0 = Debug|x64
		{96F5D863-6F52-4788-BEDE-CAAE124F48D8}.Debug|x86.ActiveCfg = Debug|Win32
		{96F5D863-6F52-4788-BEDE-CAAE124F48D8}.Debug|x86.Build.0 = Debug|Win32
		{96F5D863-6F52-4788-BEDE-CAAE124F48D8}.Release|x64.ActiveCfg = Release|x64
		{96F5D863-6F52-4788-BEDE-CAAE124F48D8}.Release|x64.Build.0 = Release|x64
		{96F5D863-6F52-4788-BEDE-CAAE124F48D8}.Release|x86.ActiveCfg = Release|Win32
		{96F5D863-6F52-4788-BEDE-CAAE124F48D8}.Release|x86.Build.0 = Release|Win32
		{00AF4572-774C-4308-BA3A-495C17EA71AD}.Debug|x64.ActiveCfg = Debug
		{00AF4572-774C-4308-BA3A-495C17EA71AD}.Debug|x86.ActiveCfg = Debug
		{00AF4572-774C-4308-BA3A-495C17EA71AD}.Release|x64.ActiveCfg = Release
		{00AF4572-774C-4308-BA3A-495C17EA71AD}.Release|x86.ActiveCfg = Release
	EndGlobalSection
	GlobalSection(SolutionProperties) = preSolution
		HideSolutionNode = FALSE
	EndGlobalSection
	GlobalSection(ExtensibilityGlobals) = postSolution
		SolutionGuid = {708FBAE3-DFFF-4F41-BDB8-337E5982192F}
	EndGlobalSection
EndGlobal
